
Microsoft Visual Studio Solution File, Format Version 12.00
# Visual Studio Version 16
VisualStudioVersion = 16.0.32228.343
MinimumVisualStudioVersion = 10.0.40219.1
Project("{8BC9CEB8-8B4A-11D0-8D11-00A0C91BC942}") = "Task-D_Volleyball_team", "Task-D_Volleyball_team\Task-D_Volleyball_team.vcxproj", "{CB02B696-2110-4693-ADD6-A5B4D51BFAED}"
EndProject
Global
	GlobalSection(SolutionConfigurationPlatforms) = preSolution
		Debug|x64 = Debug|x64
		Debug|x86 = Debug|x86
		Release|x64 = Release|x64
		Release|x86 = Release|x86
	EndGlobalSection
	GlobalSection(ProjectConfigurationPlatforms) = postSolution
		{CB02B696-2110-4693-ADD6-A5B4D51BFAED}.Debug|x64.ActiveCfg = Debug|x64
		{CB02B696-2110-4693-ADD6-A5B4D51BFAED}.Debug|x64.Build.0 = Debug|x64
		{CB02B696-2110-4693-ADD6-A5B4D51BFAED}.Debug|x86.ActiveCfg = Debug|Win32
		{CB02B696-2110-4693-ADD6-A5B4D51BFAED}.Debug|x86.Build.0 = Debug|Win32
		{CB02B696-2110-4693-ADD6-A5B4D51BFAED}.Release|x64.ActiveCfg = Release|x64
		{CB02B696-2110-4693-ADD6-A5B4D51BFAED}.Release|x64.Build.0 = Release|x64
		{CB02B696-2110-4693-ADD6-A5B4D51BFAED}.Release|x86.ActiveCfg = Release|Win32
		{CB02B696-2110-4693-ADD6-A5B4D51BFAED}.Release|x86.Build.0 = Release|Win32
	EndGlobalSection
	GlobalSection(SolutionProperties) = preSolution
		HideSolutionNode = FALSE
	EndGlobalSection
	GlobalSection(ExtensibilityGlobals) = postSolution
		SolutionGuid = {657DD817-9BF0-4149-A9B2-D1EB89AB8F0A}
	EndGlobalSection
EndGlobal
